
Microsoft Visual Studio Solution File, Format Version 12.00
# Visual Studio Version 16
VisualStudioVersion = 16.0.29926.136
MinimumVisualStudioVersion = 10.0.40219.1
Project("{FAE04EC0-301F-11D3-BF4B-00C04F79EFBC}") = "KareAjansProje_Business", "KareAjansProje_Business\KareAjansProje_Business.csproj", "{968317D3-DFC4-42BA-A98E-02276E840213}"
EndProject
Project("{FAE04EC0-301F-11D3-BF4B-00C04F79EFBC}") = "KareAjansProje_DataAccess", "KareAjansProje_DataAccess\KareAjansProje_DataAccess.csproj", "{5CC768AC-A9B2-4A13-9444-239268712ABF}"
EndProject
Project("{FAE04EC0-301F-11D3-BF4B-00C04F79EFBC}") = "KareAjansProje_Entities", "KareAjansProje_Entities\KareAjansProje_Entities.csproj", "{1608DA36-28B6-42D2-ABE2-B81B90A0AAF7}"
EndProject
Project("{FAE04EC0-301F-11D3-BF4B-00C04F79EFBC}") = "KareAjansProje_WFaUI", "KareAjansProje_WFaUI\KareAjansProje_WFaUI.csproj", "{67864186-7930-445F-AD29-7CF21B3B5DF0}"
EndProject
Project("{FAE04EC0-301F-11D3-BF4B-00C04F79EFBC}") = "KareAjansProje_MvcUI", "KareAjansProje_MvcUI\KareAjansProje_MvcUI.csproj", "{676C47E0-02DC-42A7-B319-9CF354FE49C4}"
EndProject
Global
	GlobalSection(SolutionConfigurationPlatforms) = preSolution
		Debug|Any CPU = Debug|Any CPU
		Release|Any CPU = Release|Any CPU
	EndGlobalSection
	GlobalSection(ProjectConfigurationPlatforms) = postSolution
		{968317D3-DFC4-42BA-A98E-02276E840213}.Debug|Any CPU.ActiveCfg = Debug|Any CPU
		{968317D3-DFC4-42BA-A98E-02276E840213}.Debug|Any CPU.Build.0 = Debug|Any CPU
		{968317D3-DFC4-42BA-A98E-02276E840213}.Release|Any CPU.ActiveCfg = Release|Any CPU
		{968317D3-DFC4-42BA-A98E-02276E840213}.Release|Any CPU.Build.0 = Release|Any CPU
		{5CC768AC-A9B2-4A13-9444-239268712ABF}.Debug|Any CPU.ActiveCfg = Debug|Any CPU
		{5CC768AC-A9B2-4A13-9444-239268712ABF}.Debug|Any CPU.Build.0 = Debug|Any CPU
		{5CC768AC-A9B2-4A13-9444-239268712ABF}.Release|Any CPU.ActiveCfg = Release|Any CPU
		{5CC768AC-A9B2-4A13-9444-239268712ABF}.Release|Any CPU.Build.0 = Release|Any CPU
		{1608DA36-28B6-42D2-ABE2-B81B90A0AAF7}.Debug|Any CPU.ActiveCfg = Debug|Any CPU
		{1608DA36-28B6-42D2-ABE2-B81B90A0AAF7}.Debug|Any CPU.Build.0 = Debug|Any CPU
		{1608DA36-28B6-42D2-ABE2-B81B90A0AAF7}.Release|Any CPU.ActiveCfg = Release|Any CPU
		{1608DA36-28B6-42D2-ABE2-B81B90A0AAF7}.Release|Any CPU.Build.0 = Release|Any CPU
		{67864186-7930-445F-AD29-7CF21B3B5DF0}.Debug|Any CPU.ActiveCfg = Debug|Any CPU
		{67864186-7930-445F-AD29-7CF21B3B5DF0}.Debug|Any CPU.Build.0 = Debug|Any CPU
		{67864186-7930-445F-AD29-7CF21B3B5DF0}.Release|Any CPU.ActiveCfg = Release|Any CPU
		{67864186-7930-445F-AD29-7CF21B3B5DF0}.Release|Any CPU.Build.0 = Release|Any CPU
		{676C47E0-02DC-42A7-B319-9CF354FE49C4}.Debug|Any CPU.ActiveCfg = Debug|Any CPU
		{676C47E0-02DC-42A7-B319-9CF354FE49C4}.Debug|Any CPU.Build.0 = Debug|Any CPU
		{676C47E0-02DC-42A7-B319-9CF354FE49C4}.Release|Any CPU.ActiveCfg = Release|Any CPU
		{676C47E0-02DC-42A7-B319-9CF354FE49C4}.Release|Any CPU.Build.0 = Release|Any CPU
	EndGlobalSection
	GlobalSection(SolutionProperties) = preSolution
		HideSolutionNode = FALSE
	EndGlobalSection
	GlobalSection(ExtensibilityGlobals) = postSolution
		SolutionGuid = {0DE2BBF1-7A5A-434E-87E6-51B291B29F4D}
	EndGlobalSection
EndGlobal
